
Microsoft Visual Studio Solution File, Format Version 12.00
# Visual Studio Version 17
VisualStudioVersion = 17.2.32616.157
MinimumVisualStudioVersion = 10.0.40219.1
Project("{9A19103F-16F7-4668-BE54-9A1E7A4F7556}") = "linq", "linq\linq.csproj", "{E7B02F52-B41A-4128-B771-EF4C0A14BFF3}"
EndProject
Project("{9A19103F-16F7-4668-BE54-9A1E7A4F7556}") = "ConsoleApp1", "ConsoleApp1\ConsoleApp1.csproj", "{EDEBC03B-8E35-4D56-A396-402CCDC1DF4A}"
EndProject
Project("{9A19103F-16F7-4668-BE54-9A1E7A4F7556}") = "filtratingWhere", "filtratingWhere\filtratingWhere.csproj", "{6916D3AD-E4B1-4868-9BFA-A89C6B280B33}"
EndProject
Project("{9A19103F-16F7-4668-BE54-9A1E7A4F7556}") = "SelectMany", "SelectMany\SelectMany.csproj", "{39D24744-0E3B-4B2E-8C54-75340E3E99B4}"
EndProject
Project("{9A19103F-16F7-4668-BE54-9A1E7A4F7556}") = "Where", "SelectMany_2\Where.csproj", "{5B60FE10-C3B5-4F7C-B47C-6965E992C9B5}"
EndProject
Project("{9A19103F-16F7-4668-BE54-9A1E7A4F7556}") = "empty", "empty\empty.csproj", "{4C1859CA-629D-4D08-9807-C6DF27AE46BD}"
EndProject
Project("{9A19103F-16F7-4668-BE54-9A1E7A4F7556}") = "Where2", "Where2\Where2.csproj", "{1DF1ECED-CDCE-4AD5-B874-2A24C186DC6F}"
EndProject
Project("{9A19103F-16F7-4668-BE54-9A1E7A4F7556}") = "Select", "Select\Select.csproj", "{5ACC2557-21FF-415E-8286-8CF8174D2633}"
EndProject
Project("{9A19103F-16F7-4668-BE54-9A1E7A4F7556}") = "ex14_2_1", "ex14_2_1\ex14_2_1.csproj", "{F3B47B55-BEF1-4D83-BED4-DB0BCEE2ECDA}"
EndProject
Project("{9A19103F-16F7-4668-BE54-9A1E7A4F7556}") = "let", "let\let.csproj", "{A8C2138B-C431-4457-9B8C-3D3CE65B2E88}"
EndProject
Project("{9A19103F-16F7-4668-BE54-9A1E7A4F7556}") = "ex14_2_3", "ex14_2_3\ex14_2_3.csproj", "{44A4470A-A7DF-47B9-8D81-4EE4DC1F7C04}"
EndProject
Project("{9A19103F-16F7-4668-BE54-9A1E7A4F7556}") = "ex14_2_4", "ex14_2_4\ex14_2_4.csproj", "{5A71D89E-580A-452D-BA16-23A3C9863175}"
EndProject
Project("{9A19103F-16F7-4668-BE54-9A1E7A4F7556}") = "ex14_2_5", "ex14_2_5\ex14_2_5.csproj", "{427667F1-99AF-46CC-B071-8C74B5882A6F}"
EndProject
Project("{9A19103F-16F7-4668-BE54-9A1E7A4F7556}") = "ex14_2_9", "ex14_2_9\ex14_2_9.csproj", "{636E4680-610F-455D-ADE9-2DC9F98BAFA4}"
EndProject
Project("{9A19103F-16F7-4668-BE54-9A1E7A4F7556}") = "PhoneBook", "ex14_2_10\PhoneBook.csproj", "{968FF0D6-2083-4937-8AD2-C4315CDF8DDB}"
EndProject
Project("{9A19103F-16F7-4668-BE54-9A1E7A4F7556}") = "HW14_3_3", "HW14_3_3\HW14_3_3.csproj", "{12DFDAE6-AABB-4446-B5D3-7170E54688B2}"
EndProject
Project("{FAE04EC0-301F-11D3-BF4B-00C04F79EFBC}") = "hwModule19", "hwModule19\hwModule19.csproj", "{B343D304-F192-4541-B8DB-4E38AA2E8FD3}"
EndProject
Global
	GlobalSection(SolutionConfigurationPlatforms) = preSolution
		Debug|Any CPU = Debug|Any CPU
		Release|Any CPU = Release|Any CPU
	EndGlobalSection
	GlobalSection(ProjectConfigurationPlatforms) = postSolution
		{E7B02F52-B41A-4128-B771-EF4C0A14BFF3}.Debug|Any CPU.ActiveCfg = Debug|Any CPU
		{E7B02F52-B41A-4128-B771-EF4C0A14BFF3}.Debug|Any CPU.Build.0 = Debug|Any CPU
		{E7B02F52-B41A-4128-B771-EF4C0A14BFF3}.Release|Any CPU.ActiveCfg = Release|Any CPU
		{E7B02F52-B41A-4128-B771-EF4C0A14BFF3}.Release|Any CPU.Build.0 = Release|Any CPU
		{EDEBC03B-8E35-4D56-A396-402CCDC1DF4A}.Debug|Any CPU.ActiveCfg = Debug|Any CPU
		{EDEBC03B-8E35-4D56-A396-402CCDC1DF4A}.Debug|Any CPU.Build.0 = Debug|Any CPU
		{EDEBC03B-8E35-4D56-A396-402CCDC1DF4A}.Release|Any CPU.ActiveCfg = Release|Any CPU
		{EDEBC03B-8E35-4D56-A396-402CCDC1DF4A}.Release|Any CPU.Build.0 = Release|Any CPU
		{6916D3AD-E4B1-4868-9BFA-A89C6B280B33}.Debug|Any CPU.ActiveCfg = Debug|Any CPU
		{6916D3AD-E4B1-4868-9BFA-A89C6B280B33}.Debug|Any CPU.Build.0 = Debug|Any CPU
		{6916D3AD-E4B1-4868-9BFA-A89C6B280B33}.Release|Any CPU.ActiveCfg = Release|Any CPU
		{6916D3AD-E4B1-4868-9BFA-A89C6B280B33}.Release|Any CPU.Build.0 = Release|Any CPU
		{39D24744-0E3B-4B2E-8C54-75340E3E99B4}.Debug|Any CPU.ActiveCfg = Debug|Any CPU
		{39D24744-0E3B-4B2E-8C54-75340E3E99B4}.Debug|Any CPU.Build.0 = Debug|Any CPU
		{39D24744-0E3B-4B2E-8C54-75340E3E99B4}.Release|Any CPU.ActiveCfg = Release|Any CPU
		{39D24744-0E3B-4B2E-8C54-75340E3E99B4}.Release|Any CPU.Build.0 = Release|Any CPU
		{5B60FE10-C3B5-4F7C-B47C-6965E992C9B5}.Debug|Any CPU.ActiveCfg = Debug|Any CPU
		{5B60FE10-C3B5-4F7C-B47C-6965E992C9B5}.Debug|Any CPU.Build.0 = Debug|Any CPU
		{5B60FE10-C3B5-4F7C-B47C-6965E992C9B5}.Release|Any CPU.ActiveCfg = Release|Any CPU
		{5B60FE10-C3B5-4F7C-B47C-6965E992C9B5}.Release|Any CPU.Build.0 = Release|Any CPU
		{4C1859CA-629D-4D08-9807-C6DF27AE46BD}.Debug|Any CPU.ActiveCfg = Debug|Any CPU
		{4C1859CA-629D-4D08-9807-C6DF27AE46BD}.Debug|Any CPU.Build.0 = Debug|Any CPU
		{4C1859CA-629D-4D08-9807-C6DF27AE46BD}.Release|Any CPU.ActiveCfg = Release|Any CPU
		{4C1859CA-629D-4D08-9807-C6DF27AE46BD}.Release|Any CPU.Build.0 = Release|Any CPU
		{1DF1ECED-CDCE-4AD5-B874-2A24C186DC6F}.Debug|Any CPU.ActiveCfg = Debug|Any CPU
		{1DF1ECED-CDCE-4AD5-B874-2A24C186DC6F}.Debug|Any CPU.Build.0 = Debug|Any CPU
		{1DF1ECED-CDCE-4AD5-B874-2A24C186DC6F}.Release|Any CPU.ActiveCfg = Release|Any CPU
		{1DF1ECED-CDCE-4AD5-B874-2A24C186DC6F}.Release|Any CPU.Build.0 = Release|Any CPU
		{5ACC2557-21FF-415E-8286-8CF8174D2633}.Debug|Any CPU.ActiveCfg = Debug|Any CPU
		{5ACC2557-21FF-415E-8286-8CF8174D2633}.Debug|Any CPU.Build.0 = Debug|Any CPU
		{5ACC2557-21FF-415E-8286-8CF8174D2633}.Release|Any CPU.ActiveCfg = Release|Any CPU
		{5ACC2557-21FF-415E-8286-8CF8174D2633}.Release|Any CPU.Build.0 = Release|Any CPU
		{F3B47B55-BEF1-4D83-BED4-DB0BCEE2ECDA}.Debug|Any CPU.ActiveCfg = Debug|Any CPU
		{F3B47B55-BEF1-4D83-BED4-DB0BCEE2ECDA}.Debug|Any CPU.Build.0 = Debug|Any CPU
		{F3B47B55-BEF1-4D83-BED4-DB0BCEE2ECDA}.Release|Any CPU.ActiveCfg = Release|Any CPU
		{F3B47B55-BEF1-4D83-BED4-DB0BCEE2ECDA}.Release|Any CPU.Build.0 = Release|Any CPU
		{A8C2138B-C431-4457-9B8C-3D3CE65B2E88}.Debug|Any CPU.ActiveCfg = Debug|Any CPU
		{A8C2138B-C431-4457-9B8C-3D3CE65B2E88}.Debug|Any CPU.Build.0 = Debug|Any CPU
		{A8C2138B-C431-4457-9B8C-3D3CE65B2E88}.Release|Any CPU.ActiveCfg = Release|Any CPU
		{A8C2138B-C431-4457-9B8C-3D3CE65B2E88}.Release|Any CPU.Build.0 = Release|Any CPU
		{44A4470A-A7DF-47B9-8D81-4EE4DC1F7C04}.Debug|Any CPU.ActiveCfg = Debug|Any CPU
		{44A4470A-A7DF-47B9-8D81-4EE4DC1F7C04}.Debug|Any CPU.Build.0 = Debug|Any CPU
		{44A4470A-A7DF-47B9-8D81-4EE4DC1F7C04}.Release|Any CPU.ActiveCfg = Release|Any CPU
		{44A4470A-A7DF-47B9-8D81-4EE4DC1F7C04}.Release|Any CPU.Build.0 = Release|Any CPU
		{5A71D89E-580A-452D-BA16-23A3C9863175}.Debug|Any CPU.ActiveCfg = Debug|Any CPU
		{5A71D89E-580A-452D-BA16-23A3C9863175}.Debug|Any CPU.Build.0 = Debug|Any CPU
		{5A71D89E-580A-452D-BA16-23A3C9863175}.Release|Any CPU.ActiveCfg = Release|Any CPU
		{5A71D89E-580A-452D-BA16-23A3C9863175}.Release|Any CPU.Build.0 = Release|Any CPU
		{427667F1-99AF-46CC-B071-8C74B5882A6F}.Debug|Any CPU.ActiveCfg = Debug|Any CPU
		{427667F1-99AF-46CC-B071-8C74B5882A6F}.Debug|Any CPU.Build.0 = Debug|Any CPU
		{427667F1-99AF-46CC-B071-8C74B5882A6F}.Release|Any CPU.ActiveCfg = Release|Any CPU
		{427667F1-99AF-46CC-B071-8C74B5882A6F}.Release|Any CPU.Build.0 = Release|Any CPU
		{636E4680-610F-455D-ADE9-2DC9F98BAFA4}.Debug|Any CPU.ActiveCfg = Debug|Any CPU
		{636E4680-610F-455D-ADE9-2DC9F98BAFA4}.Debug|Any CPU.Build.0 = Debug|Any CPU
		{636E4680-610F-455D-ADE9-2DC9F98BAFA4}.Release|Any CPU.ActiveCfg = Release|Any CPU
		{636E4680-610F-455D-ADE9-2DC9F98BAFA4}.Release|Any CPU.Build.0 = Release|Any CPU
		{968FF0D6-2083-4937-8AD2-C4315CDF8DDB}.Debug|Any CPU.ActiveCfg = Debug|Any CPU
		{968FF0D6-2083-4937-8AD2-C4315CDF8DDB}.Debug|Any CPU.Build.0 = Debug|Any CPU
		{968FF0D6-2083-4937-8AD2-C4315CDF8DDB}.Release|Any CPU.ActiveCfg = Release|Any CPU
		{968FF0D6-2083-4937-8AD2-C4315CDF8DDB}.Release|Any CPU.Build.0 = Release|Any CPU
		{12DFDAE6-AABB-4446-B5D3-7170E54688B2}.Debug|Any CPU.ActiveCfg = Debug|Any CPU
		{12DFDAE6-AABB-4446-B5D3-7170E54688B2}.Debug|Any CPU.Build.0 = Debug|Any CPU
		{12DFDAE6-AABB-4446-B5D3-7170E54688B2}.Release|Any CPU.ActiveCfg = Release|Any CPU
		{12DFDAE6-AABB-4446-B5D3-7170E54688B2}.Release|Any CPU.Build.0 = Release|Any CPU
		{B343D304-F192-4541-B8DB-4E38AA2E8FD3}.Debug|Any CPU.ActiveCfg = Debug|Any CPU
		{B343D304-F192-4541-B8DB-4E38AA2E8FD3}.Debug|Any CPU.Build.0 = Debug|Any CPU
		{B343D304-F192-4541-B8DB-4E38AA2E8FD3}.Release|Any CPU.ActiveCfg = Release|Any CPU
		{B343D304-F192-4541-B8DB-4E38AA2E8FD3}.Release|Any CPU.Build.0 = Release|Any CPU
	EndGlobalSection
	GlobalSection(SolutionProperties) = preSolution
		HideSolutionNode = FALSE
	EndGlobalSection
	GlobalSection(ExtensibilityGlobals) = postSolution
		SolutionGuid = {D1FFA612-9D18-4846-B7F2-14F417B9BFAD}
	EndGlobalSection
EndGlobal
